
Microsoft Visual Studio Solution File, Format Version 12.00
# Visual Studio Version 16
VisualStudioVersion = 16.0.29424.173
MinimumVisualStudioVersion = 10.0.40219.1
Project("{9A19103F-16F7-4668-BE54-9A1E7A4F7556}") = "Lxdn.Core", "Lxdn.Core\Lxdn.Core.csproj", "{4335ABA9-6B8E-4814-BC84-12892BE337CD}"
EndProject
Project("{9A19103F-16F7-4668-BE54-9A1E7A4F7556}") = "Lxdn.Core.Expressions", "Lxdn.Core.Expressions\Lxdn.Core.Expressions.csproj", "{5C6C4EF0-F2C0-4C25-A252-2D7F30610E62}"
EndProject
Project("{9A19103F-16F7-4668-BE54-9A1E7A4F7556}") = "Lxdn.Core._MSTests", "Lxdn.Core._MSTests\Lxdn.Core._MSTests.csproj", "{5C316738-8AAF-497F-9705-8CEE8717AD6D}"
EndProject
Project("{9A19103F-16F7-4668-BE54-9A1E7A4F7556}") = "Lxdn.Core.Expressions._MSTests", "Lxdn.Core.Expressions._MSTests\Lxdn.Core.Expressions._MSTests.csproj", "{E85CFA3D-6EFB-48FB-BCB3-B8D209A7EA10}"
EndProject
Project("{FAE04EC0-301F-11D3-BF4B-00C04F79EFBC}") = "Lxdn.Core.Db.Microsoft", "Lxdn.Core.Db.Microsoft\Lxdn.Core.Db.Microsoft.csproj", "{0353335E-3E7E-45C0-AB26-55277F67EDBE}"
EndProject
Global
	GlobalSection(SolutionConfigurationPlatforms) = preSolution
		Debug|Any CPU = Debug|Any CPU
		Release|Any CPU = Release|Any CPU
	EndGlobalSection
	GlobalSection(ProjectConfigurationPlatforms) = postSolution
		{4335ABA9-6B8E-4814-BC84-12892BE337CD}.Debug|Any CPU.ActiveCfg = Debug|Any CPU
		{4335ABA9-6B8E-4814-BC84-12892BE337CD}.Debug|Any CPU.Build.0 = Debug|Any CPU
		{4335ABA9-6B8E-4814-BC84-12892BE337CD}.Release|Any CPU.ActiveCfg = Release|Any CPU
		{4335ABA9-6B8E-4814-BC84-12892BE337CD}.Release|Any CPU.Build.0 = Release|Any CPU
		{5C6C4EF0-F2C0-4C25-A252-2D7F30610E62}.Debug|Any CPU.ActiveCfg = Debug|Any CPU
		{5C6C4EF0-F2C0-4C25-A252-2D7F30610E62}.Debug|Any CPU.Build.0 = Debug|Any CPU
		{5C6C4EF0-F2C0-4C25-A252-2D7F30610E62}.Release|Any CPU.ActiveCfg = Release|Any CPU
		{5C6C4EF0-F2C0-4C25-A252-2D7F30610E62}.Release|Any CPU.Build.0 = Release|Any CPU
		{5C316738-8AAF-497F-9705-8CEE8717AD6D}.Debug|Any CPU.ActiveCfg = Debug|Any CPU
		{5C316738-8AAF-497F-9705-8CEE8717AD6D}.Debug|Any CPU.Build.0 = Debug|Any CPU
		{5C316738-8AAF-497F-9705-8CEE8717AD6D}.Release|Any CPU.ActiveCfg = Release|Any CPU
		{5C316738-8AAF-497F-9705-8CEE8717AD6D}.Release|Any CPU.Build.0 = Release|Any CPU
		{E85CFA3D-6EFB-48FB-BCB3-B8D209A7EA10}.Debug|Any CPU.ActiveCfg = Debug|Any CPU
		{E85CFA3D-6EFB-48FB-BCB3-B8D209A7EA10}.Debug|Any CPU.Build.0 = Debug|Any CPU
		{E85CFA3D-6EFB-48FB-BCB3-B8D209A7EA10}.Release|Any CPU.ActiveCfg = Release|Any CPU
		{E85CFA3D-6EFB-48FB-BCB3-B8D209A7EA10}.Release|Any CPU.Build.0 = Release|Any CPU
		{0353335E-3E7E-45C0-AB26-55277F67EDBE}.Debug|Any CPU.ActiveCfg = Debug|Any CPU
		{0353335E-3E7E-45C0-AB26-55277F67EDBE}.Debug|Any CPU.Build.0 = Debug|Any CPU
		{0353335E-3E7E-45C0-AB26-55277F67EDBE}.Release|Any CPU.ActiveCfg = Release|Any CPU
		{0353335E-3E7E-45C0-AB26-55277F67EDBE}.Release|Any CPU.Build.0 = Release|Any CPU
	EndGlobalSection
	GlobalSection(SolutionProperties) = preSolution
		HideSolutionNode = FALSE
	EndGlobalSection
	GlobalSection(ExtensibilityGlobals) = postSolution
		SolutionGuid = {B762839C-8387-4015-9A08-F8C2F7A13A66}
	EndGlobalSection
EndGlobal
